
Microsoft Visual Studio Solution File, Format Version 12.00
# Visual Studio 15
VisualStudioVersion = 15.0.28307.645
MinimumVisualStudioVersion = 10.0.40219.1
Project("{FAE04EC0-301F-11D3-BF4B-00C04F79EFBC}") = "WebApplication2", "WebApplication2\WebApplication2.csproj", "{1C8358A4-31FF-4321-992D-88D29E4E7323}"
EndProject
Global
	GlobalSection(SolutionConfigurationPlatforms) = preSolution
		Debug|Any CPU = Debug|Any CPU
		Release|Any CPU = Release|Any CPU
	EndGlobalSection
	GlobalSection(ProjectConfigurationPlatforms) = postSolution
		{1C8358A4-31FF-4321-992D-88D29E4E7323}.Debug|Any CPU.ActiveCfg = Debug|Any CPU
		{1C8358A4-31FF-4321-992D-88D29E4E7323}.Debug|Any CPU.Build.0 = Debug|Any CPU
		{1C8358A4-31FF-4321-992D-88D29E4E7323}.Release|Any CPU.ActiveCfg = Release|Any CPU
		{1C8358A4-31FF-4321-992D-88D29E4E7323}.Release|Any CPU.Build.0 = Release|Any CPU
	EndGlobalSection
	GlobalSection(SolutionProperties) = preSolution
		HideSolutionNode = FALSE
	EndGlobalSection
	GlobalSection(ExtensibilityGlobals) = postSolution
		SolutionGuid = {EFC56024-A5C2-4449-9DA1-8667BD2653CC}
	EndGlobalSection
EndGlobal
